
Microsoft Visual Studio Solution File, Format Version 10.00
# Visual Studio 2008
Project("{FAE04EC0-301F-11D3-BF4B-00C04F79EFBC}") = "BaneMark2", "BaneMark2\BaneMark2.csproj", "{33FC073D-2CEC-495D-B17B-4054A734EE4D}"
EndProject
Global
	GlobalSection(SolutionConfigurationPlatforms) = preSolution
		Debug|Any CPU = Debug|Any CPU
		Release|Any CPU = Release|Any CPU
	EndGlobalSection
	GlobalSection(ProjectConfigurationPlatforms) = postSolution
		{33FC073D-2CEC-495D-B17B-4054A734EE4D}.Debug|Any CPU.ActiveCfg = Debug|Any CPU
		{33FC073D-2CEC-495D-B17B-4054A734EE4D}.Debug|Any CPU.Build.0 = Debug|Any CPU
		{33FC073D-2CEC-495D-B17B-4054A734EE4D}.Release|Any CPU.ActiveCfg = Release|Any CPU
		{33FC073D-2CEC-495D-B17B-4054A734EE4D}.Release|Any CPU.Build.0 = Release|Any CPU
	EndGlobalSection
	GlobalSection(SolutionProperties) = preSolution
		HideSolutionNode = FALSE
	EndGlobalSection
EndGlobal
